
Microsoft Visual Studio Solution File, Format Version 12.00
# Visual Studio Version 17
VisualStudioVersion = 17.6.33829.357
MinimumVisualStudioVersion = 10.0.40219.1
Project("{FAE04EC0-301F-11D3-BF4B-00C04F79EFBC}") = "SocketServer", "SocketServer.csproj", "{371095F7-CF41-45FF-8AAC-19BCA9F76DE2}"
EndProject
Global
	GlobalSection(SolutionConfigurationPlatforms) = preSolution
		Debug|Any CPU = Debug|Any CPU
		Release|Any CPU = Release|Any CPU
	EndGlobalSection
	GlobalSection(ProjectConfigurationPlatforms) = postSolution
		{371095F7-CF41-45FF-8AAC-19BCA9F76DE2}.Debug|Any CPU.ActiveCfg = Debug|Any CPU
		{371095F7-CF41-45FF-8AAC-19BCA9F76DE2}.Debug|Any CPU.Build.0 = Debug|Any CPU
		{371095F7-CF41-45FF-8AAC-19BCA9F76DE2}.Release|Any CPU.ActiveCfg = Release|Any CPU
		{371095F7-CF41-45FF-8AAC-19BCA9F76DE2}.Release|Any CPU.Build.0 = Release|Any CPU
	EndGlobalSection
	GlobalSection(SolutionProperties) = preSolution
		HideSolutionNode = FALSE
	EndGlobalSection
	GlobalSection(ExtensibilityGlobals) = postSolution
		SolutionGuid = {B6EFE458-2B5C-43DF-A12A-6AF85B895C70}
	EndGlobalSection
EndGlobal
